{
  "name": "codekit-project",
  "version": "1.0.0",
  "lockfileVersion": 1,
  "requires": true,
  "dependencies": {
    "drawsvg": {
      "version": "1.1.0",
      "resolved": "https://registry.npmjs.org/drawsvg/-/drawsvg-1.1.0.tgz",
      "integrity": "sha512-RGQiwT/FRDHJv7v2DY/bE1gX/ATeYTfc7WF150671FBc0n/k/AmcxgVe8jG0nP0CaExrGXhMgisCrgmdNijpqw==",
      "requires": {
        "jquery": "^3.1.1"
      }
    },
    "gsap": {
      "version": "file:gsap-bonus.tgz",
      "integrity": "sha512-pDhbxDJeZreZORpBacsNwMkJZtmnqwxDU5knDfLIf1l3YIzUggiIe1P2bz5QHu2mK5giSE3qgoZl28JHBoogTQ=="
    },
    "gsap-drawsvg": {
      "version": "1.0.0",
      "resolved": "https://registry.npmjs.org/gsap-drawsvg/-/gsap-drawsvg-1.0.0.tgz",
      "integrity": "sha512-YJDnVF2HMiZOu0J6NE/biY0z0Q8mmaVcv/Prwmdcd4xgr9PbdjY4O+9cNml0n2jbxNm1JBLlmuWYJjb3TCcMAA=="
    },
    "jquery": {
      "version": "3.6.1",
      "resolved": "https://registry.npmjs.org/jquery/-/jquery-3.6.1.tgz",
      "integrity": "sha512-opJeO4nCucVnsjiXOE+/PcCgYw9Gwpvs/a6B1LL/lQhwWwpbVEVYDZ1FokFr8PRc7ghYlrFPuyHuiiDNTQxmcw=="
    }
  }
}
